
Microsoft Visual Studio Solution File, Format Version 12.00
# Visual Studio 15
Project("{FAE04EC0-301F-11D3-BF4B-00C04F79EFBC}") = "Assembly-CSharp", "Assembly-CSharp.csproj", "{CE5B77DA-B4C0-B45D-ACF9-F0A00DCDBD02}"
EndProject
Project("{FAE04EC0-301F-11D3-BF4B-00C04F79EFBC}") = "Assembly-CSharp-Editor", "Assembly-CSharp-Editor.csproj", "{37E8FFFB-4982-D54D-B84C-6D164F57C8B0}"
EndProject
Global
	GlobalSection(SolutionConfigurationPlatforms) = preSolution
		Debug|Any CPU = Debug|Any CPU
		Release|Any CPU = Release|Any CPU
	EndGlobalSection
	GlobalSection(ProjectConfigurationPlatforms) = postSolution
		{CE5B77DA-B4C0-B45D-ACF9-F0A00DCDBD02}.Debug|Any CPU.ActiveCfg = Debug|Any CPU
		{CE5B77DA-B4C0-B45D-ACF9-F0A00DCDBD02}.Debug|Any CPU.Build.0 = Debug|Any CPU
		{CE5B77DA-B4C0-B45D-ACF9-F0A00DCDBD02}.Release|Any CPU.ActiveCfg = Release|Any CPU
		{CE5B77DA-B4C0-B45D-ACF9-F0A00DCDBD02}.Release|Any CPU.Build.0 = Release|Any CPU
		{37E8FFFB-4982-D54D-B84C-6D164F57C8B0}.Debug|Any CPU.ActiveCfg = Debug|Any CPU
		{37E8FFFB-4982-D54D-B84C-6D164F57C8B0}.Debug|Any CPU.Build.0 = Debug|Any CPU
		{37E8FFFB-4982-D54D-B84C-6D164F57C8B0}.Release|Any CPU.ActiveCfg = Release|Any CPU
		{37E8FFFB-4982-D54D-B84C-6D164F57C8B0}.Release|Any CPU.Build.0 = Release|Any CPU
	EndGlobalSection
	GlobalSection(SolutionProperties) = preSolution
		HideSolutionNode = FALSE
	EndGlobalSection
EndGlobal
